
Microsoft Visual Studio Solution File, Format Version 12.00
# Visual Studio 2012
Project("{FAE04EC0-301F-11D3-BF4B-00C04F79EFBC}") = "GetResponse.Net.Specs", "GetResponse.Net.Specs\GetResponse.Net.Specs.csproj", "{724B51CD-A4F9-45D6-9E6A-803E76A7D279}"
EndProject
Project("{2150E333-8FDC-42A3-9474-1A3956D46DE8}") = ".nuget", ".nuget", "{495AE643-A7D7-4778-9F5A-68A96BBD14CD}"
	ProjectSection(SolutionItems) = preProject
		.nuget\NuGet.Config = .nuget\NuGet.Config
		.nuget\NuGet.exe = .nuget\NuGet.exe
		.nuget\NuGet.targets = .nuget\NuGet.targets
	EndProjectSection
EndProject
Project("{FAE04EC0-301F-11D3-BF4B-00C04F79EFBC}") = "GetResponse.Net.Tests", "GetResponse.Net.Tests\GetResponse.Net.Tests.csproj", "{72D0E238-5C13-4A7C-B030-8DE1E9BB4E5B}"
EndProject
Project("{FAE04EC0-301F-11D3-BF4B-00C04F79EFBC}") = "GetResponse.Net.Models", "GetResponse.Net.Models\GetResponse.Net.Models.csproj", "{D4E41E05-2457-42F3-97B3-147C23A61036}"
EndProject
Project("{FAE04EC0-301F-11D3-BF4B-00C04F79EFBC}") = "GetResponse.Net.Model", "GetResponse.Net.Model\GetResponse.Net.Model.csproj", "{931B33B3-A450-4C5A-BDBD-41C932817467}"
EndProject
Project("{FAE04EC0-301F-11D3-BF4B-00C04F79EFBC}") = "GetResponse.Net.Service", "GetResponse.Net.Service\GetResponse.Net.Service.csproj", "{7184BD07-872E-4420-B106-1C7807F454BE}"
EndProject
Global
	GlobalSection(SolutionConfigurationPlatforms) = preSolution
		Debug|Any CPU = Debug|Any CPU
		Release|Any CPU = Release|Any CPU
	EndGlobalSection
	GlobalSection(ProjectConfigurationPlatforms) = postSolution
		{724B51CD-A4F9-45D6-9E6A-803E76A7D279}.Debug|Any CPU.ActiveCfg = Debug|Any CPU
		{724B51CD-A4F9-45D6-9E6A-803E76A7D279}.Debug|Any CPU.Build.0 = Debug|Any CPU
		{724B51CD-A4F9-45D6-9E6A-803E76A7D279}.Release|Any CPU.ActiveCfg = Release|Any CPU
		{724B51CD-A4F9-45D6-9E6A-803E76A7D279}.Release|Any CPU.Build.0 = Release|Any CPU
		{72D0E238-5C13-4A7C-B030-8DE1E9BB4E5B}.Debug|Any CPU.ActiveCfg = Debug|Any CPU
		{72D0E238-5C13-4A7C-B030-8DE1E9BB4E5B}.Debug|Any CPU.Build.0 = Debug|Any CPU
		{72D0E238-5C13-4A7C-B030-8DE1E9BB4E5B}.Release|Any CPU.ActiveCfg = Release|Any CPU
		{72D0E238-5C13-4A7C-B030-8DE1E9BB4E5B}.Release|Any CPU.Build.0 = Release|Any CPU
		{D4E41E05-2457-42F3-97B3-147C23A61036}.Debug|Any CPU.ActiveCfg = Debug|Any CPU
		{D4E41E05-2457-42F3-97B3-147C23A61036}.Debug|Any CPU.Build.0 = Debug|Any CPU
		{D4E41E05-2457-42F3-97B3-147C23A61036}.Release|Any CPU.ActiveCfg = Release|Any CPU
		{D4E41E05-2457-42F3-97B3-147C23A61036}.Release|Any CPU.Build.0 = Release|Any CPU
		{931B33B3-A450-4C5A-BDBD-41C932817467}.Debug|Any CPU.ActiveCfg = Debug|Any CPU
		{931B33B3-A450-4C5A-BDBD-41C932817467}.Debug|Any CPU.Build.0 = Debug|Any CPU
		{931B33B3-A450-4C5A-BDBD-41C932817467}.Release|Any CPU.ActiveCfg = Release|Any CPU
		{931B33B3-A450-4C5A-BDBD-41C932817467}.Release|Any CPU.Build.0 = Release|Any CPU
		{7184BD07-872E-4420-B106-1C7807F454BE}.Debug|Any CPU.ActiveCfg = Debug|Any CPU
		{7184BD07-872E-4420-B106-1C7807F454BE}.Debug|Any CPU.Build.0 = Debug|Any CPU
		{7184BD07-872E-4420-B106-1C7807F454BE}.Release|Any CPU.ActiveCfg = Release|Any CPU
		{7184BD07-872E-4420-B106-1C7807F454BE}.Release|Any CPU.Build.0 = Release|Any CPU
	EndGlobalSection
	GlobalSection(SolutionProperties) = preSolution
		HideSolutionNode = FALSE
	EndGlobalSection
EndGlobal
